// !$*UTF8*$!
{
	archiveVersion = 1;
	classes = {
	};
	objectVersion = 46;
	objects = {

/* Begin PBXBuildFile section */
		462B4F8D1A2E992100B11601 /* AppDelegate.swift in Sources */ = {isa = PBXBuildFile; fileRef = 462B4F8C1A2E992100B11601 /* AppDelegate.swift */; };
		462B4F921A2E992100B11601 /* Yum.xcdatamodeld in Sources */ = {isa = PBXBuildFile; fileRef = 462B4F901A2E992100B11601 /* Yum.xcdatamodeld */; };
		462B4F941A2E992100B11601 /* Images.xcassets in Resources */ = {isa = PBXBuildFile; fileRef = 462B4F931A2E992100B11601 /* Images.xcassets */; };
		462B4F971A2E992100B11601 /* Main.storyboard in Resources */ = {isa = PBXBuildFile; fileRef = 462B4F951A2E992100B11601 /* Main.storyboard */; };
		462B4FA31A2E992100B11601 /* YumTests.swift in Sources */ = {isa = PBXBuildFile; fileRef = 462B4FA21A2E992100B11601 /* YumTests.swift */; };
		46714AA61A3A00EC00820A6E /* Social.framework in Frameworks */ = {isa = PBXBuildFile; fileRef = 46714AA51A3A00EC00820A6E /* Social.framework */; };
		46726FC81A2ECB6000AAA3AD /* YumWindowController.swift in Sources */ = {isa = PBXBuildFile; fileRef = 46726FC71A2ECB6000AAA3AD /* YumWindowController.swift */; };
		46726FCA1A2ECD1500AAA3AD /* YumToolbar.swift in Sources */ = {isa = PBXBuildFile; fileRef = 46726FC91A2ECD1500AAA3AD /* YumToolbar.swift */; };
		46726FCB1A2ECE7E00AAA3AD /* YumWindowController.swift in Sources */ = {isa = PBXBuildFile; fileRef = 46726FC71A2ECB6000AAA3AD /* YumWindowController.swift */; };
		46CA5F0B1A3AC5390003525B /* FacebookManager.swift in Sources */ = {isa = PBXBuildFile; fileRef = 46CA5F0A1A3AC5390003525B /* FacebookManager.swift */; };
		46CA5F0C1A3AC9250003525B /* FacebookManager.swift in Sources */ = {isa = PBXBuildFile; fileRef = 46CA5F0A1A3AC5390003525B /* FacebookManager.swift */; };
		46F870311A3026970090AE14 /* YumLoginSplitController.swift in Sources */ = {isa = PBXBuildFile; fileRef = 46F870301A3026970090AE14 /* YumLoginSplitController.swift */; };
		46F870331A3028BA0090AE14 /* YumLoginPanelViewController.swift in Sources */ = {isa = PBXBuildFile; fileRef = 46F870321A3028BA0090AE14 /* YumLoginPanelViewController.swift */; };
/* End PBXBuildFile section */

/* Begin PBXContainerItemProxy section */
		462B4F9D1A2E992100B11601 /* PBXContainerItemProxy */ = {
			isa = PBXContainerItemProxy;
			containerPortal = 462B4F7F1A2E992100B11601 /* Project object */;
			proxyType = 1;
			remoteGlobalIDString = 462B4F861A2E992100B11601;
			remoteInfo = Yum;
		};
/* End PBXContainerItemProxy section */

/* Begin PBXFileReference section */
		462B4F871A2E992100B11601 /* Yum.app */ = {isa = PBXFileReference; explicitFileType = wrapper.application; includeInIndex = 0; path = Yum.app; sourceTree = BUILT_PRODUCTS_DIR; };
		462B4F8B1A2E992100B11601 /* Info.plist */ = {isa = PBXFileReference; lastKnownFileType = text.plist.xml; path = Info.plist; sourceTree = "<group>"; };
		462B4F8C1A2E992100B11601 /* AppDelegate.swift */ = {isa = PBXFileReference; lastKnownFileType = sourcecode.swift; path = AppDelegate.swift; sourceTree = "<group>"; };
		462B4F911A2E992100B11601 /* Yum.xcdatamodel */ = {isa = PBXFileReference; lastKnownFileType = wrapper.xcdatamodel; path = Yum.xcdatamodel; sourceTree = "<group>"; };
		462B4F931A2E992100B11601 /* Images.xcassets */ = {isa = PBXFileReference; lastKnownFileType = folder.assetcatalog; path = Images.xcassets; sourceTree = "<group>"; };
		462B4F961A2E992100B11601 /* Base */ = {isa = PBXFileReference; lastKnownFileType = file.storyboard; name = Base; path = Base.lproj/Main.storyboard; sourceTree = "<group>"; };
		462B4F9C1A2E992100B11601 /* YumTests.xctest */ = {isa = PBXFileReference; explicitFileType = wrapper.cfbundle; includeInIndex = 0; path = YumTests.xctest; sourceTree = BUILT_PRODUCTS_DIR; };
		462B4FA11A2E992100B11601 /* Info.plist */ = {isa = PBXFileReference; lastKnownFileType = text.plist.xml; path = Info.plist; sourceTree = "<group>"; };
		462B4FA21A2E992100B11601 /* YumTests.swift */ = {isa = PBXFileReference; lastKnownFileType = sourcecode.swift; path = YumTests.swift; sourceTree = "<group>"; };
		46714AA51A3A00EC00820A6E /* Social.framework */ = {isa = PBXFileReference; lastKnownFileType = wrapper.framework; name = Social.framework; path = System/Library/Frameworks/Social.framework; sourceTree = SDKROOT; };
		46726FC71A2ECB6000AAA3AD /* YumWindowController.swift */ = {isa = PBXFileReference; fileEncoding = 4; lastKnownFileType = sourcecode.swift; path = YumWindowController.swift; sourceTree = "<group>"; };
		46726FC91A2ECD1500AAA3AD /* YumToolbar.swift */ = {isa = PBXFileReference; fileEncoding = 4; lastKnownFileType = sourcecode.swift; path = YumToolbar.swift; sourceTree = "<group>"; };
		46CA5F0A1A3AC5390003525B /* FacebookManager.swift */ = {isa = PBXFileReference; fileEncoding = 4; lastKnownFileType = sourcecode.swift; name = FacebookManager.swift; path = FacebookUtils/FacebookManager.swift; sourceTree = "<group>"; };
		46F870301A3026970090AE14 /* YumLoginSplitController.swift */ = {isa = PBXFileReference; fileEncoding = 4; lastKnownFileType = sourcecode.swift; path = YumLoginSplitController.swift; sourceTree = "<group>"; };
		46F870321A3028BA0090AE14 /* YumLoginPanelViewController.swift */ = {isa = PBXFileReference; fileEncoding = 4; lastKnownFileType = sourcecode.swift; path = YumLoginPanelViewController.swift; sourceTree = "<group>"; };
/* End PBXFileReference section */

/* Begin PBXFrameworksBuildPhase section */
		462B4F841A2E992100B11601 /* Frameworks */ = {
			isa = PBXFrameworksBuildPhase;
			buildActionMask = 2147483647;
			files = (
				46714AA61A3A00EC00820A6E /* Social.framework in Frameworks */,
			);
			runOnlyForDeploymentPostprocessing = 0;
		};
		462B4F991A2E992100B11601 /* Frameworks */ = {
			isa = PBXFrameworksBuildPhase;
			buildActionMask = 2147483647;
			files = (
			);
			runOnlyForDeploymentPostprocessing = 0;
		};
/* End PBXFrameworksBuildPhase section */

/* Begin PBXGroup section */
		462B4F7E1A2E992100B11601 = {
			isa = PBXGroup;
			children = (
				46714AA51A3A00EC00820A6E /* Social.framework */,
				462B4F891A2E992100B11601 /* Yum */,
				462B4F9F1A2E992100B11601 /* YumTests */,
				462B4F881A2E992100B11601 /* Products */,
			);
			sourceTree = "<group>";
		};
		462B4F881A2E992100B11601 /* Products */ = {
			isa = PBXGroup;
			children = (
				462B4F871A2E992100B11601 /* Yum.app */,
				462B4F9C1A2E992100B11601 /* YumTests.xctest */,
			);
			name = Products;
			sourceTree = "<group>";
		};
		462B4F891A2E992100B11601 /* Yum */ = {
			isa = PBXGroup;
			children = (
				462B4F8C1A2E992100B11601 /* AppDelegate.swift */,
				46726FC71A2ECB6000AAA3AD /* YumWindowController.swift */,
				46F870301A3026970090AE14 /* YumLoginSplitController.swift */,
				46F870321A3028BA0090AE14 /* YumLoginPanelViewController.swift */,
				46726FC91A2ECD1500AAA3AD /* YumToolbar.swift */,
				46CA5F0A1A3AC5390003525B /* FacebookManager.swift */,
				462B4F931A2E992100B11601 /* Images.xcassets */,
				462B4F951A2E992100B11601 /* Main.storyboard */,
				462B4F901A2E992100B11601 /* Yum.xcdatamodeld */,
				462B4F8A1A2E992100B11601 /* Supporting Files */,
			);
			path = Yum;
			sourceTree = "<group>";
		};
		462B4F8A1A2E992100B11601 /* Supporting Files */ = {
			isa = PBXGroup;
			children = (
				462B4F8B1A2E992100B11601 /* Info.plist */,
			);
			name = "Supporting Files";
			sourceTree = "<group>";
		};
		462B4F9F1A2E992100B11601 /* YumTests */ = {
			isa = PBXGroup;
			children = (
				462B4FA21A2E992100B11601 /* YumTests.swift */,
				462B4FA01A2E992100B11601 /* Supporting Files */,
			);
			path = YumTests;
			sourceTree = "<group>";
		};
		462B4FA01A2E992100B11601 /* Supporting Files */ = {
			isa = PBXGroup;
			children = (
				462B4FA11A2E992100B11601 /* Info.plist */,
			);
			name = "Supporting Files";
			sourceTree = "<group>";
		};
/* End PBXGroup section */

/* Begin PBXNativeTarget section */
		462B4F861A2E992100B11601 /* Yum */ = {
			isa = PBXNativeTarget;
			buildConfigurationList = 462B4FA61A2E992100B11601 /* Build configuration list for PBXNativeTarget "Yum" */;
			buildPhases = (
				462B4F831A2E992100B11601 /* Sources */,
				462B4F841A2E992100B11601 /* Frameworks */,
				462B4F851A2E992100B11601 /* Resources */,
			);
			buildRules = (
			);
			dependencies = (
			);
			name = Yum;
			productName = Yum;
			productReference = 462B4F871A2E992100B11601 /* Yum.app */;
			productType = "com.apple.product-type.application";
		};
		462B4F9B1A2E992100B11601 /* YumTests */ = {
			isa = PBXNativeTarget;
			buildConfigurationList = 462B4FA91A2E992100B11601 /* Build configuration list for PBXNativeTarget "YumTests" */;
			buildPhases = (
				462B4F981A2E992100B11601 /* Sources */,
				462B4F991A2E992100B11601 /* Frameworks */,
				462B4F9A1A2E992100B11601 /* Resources */,
			);
			buildRules = (
			);
			dependencies = (
				462B4F9E1A2E992100B11601 /* PBXTargetDependency */,
			);
			name = YumTests;
			productName = YumTests;
			productReference = 462B4F9C1A2E992100B11601 /* YumTests.xctest */;
			productType = "com.apple.product-type.bundle.unit-test";
		};
/* End PBXNativeTarget section */

/* Begin PBXProject section */
		462B4F7F1A2E992100B11601 /* Project object */ = {
			isa = PBXProject;
			attributes = {
				LastUpgradeCheck = 0610;
				ORGANIZATIONNAME = "Moshe Berman";
				TargetAttributes = {
					462B4F861A2E992100B11601 = {
						CreatedOnToolsVersion = 6.1;
						DevelopmentTeam = HK64RUWW3P;
					};
					462B4F9B1A2E992100B11601 = {
						CreatedOnToolsVersion = 6.1;
						TestTargetID = 462B4F861A2E992100B11601;
					};
				};
			};
			buildConfigurationList = 462B4F821A2E992100B11601 /* Build configuration list for PBXProject "Yum" */;
			compatibilityVersion = "Xcode 3.2";
			developmentRegion = English;
			hasScannedForEncodings = 0;
			knownRegions = (
				en,
				Base,
			);
			mainGroup = 462B4F7E1A2E992100B11601;
			productRefGroup = 462B4F881A2E992100B11601 /* Products */;
			projectDirPath = "";
			projectRoot = "";
			targets = (
				462B4F861A2E992100B11601 /* Yum */,
				462B4F9B1A2E992100B11601 /* YumTests */,
			);
		};
/* End PBXProject section */

/* Begin PBXResourcesBuildPhase section */
		462B4F851A2E992100B11601 /* Resources */ = {
			isa = PBXResourcesBuildPhase;
			buildActionMask = 2147483647;
			files = (
				462B4F941A2E992100B11601 /* Images.xcassets in Resources */,
				462B4F971A2E992100B11601 /* Main.storyboard in Resources */,
			);
			runOnlyForDeploymentPostprocessing = 0;
		};
		462B4F9A1A2E992100B11601 /* Resources */ = {
			isa = PBXResourcesBuildPhase;
			buildActionMask = 2147483647;
			files = (
			);
			runOnlyForDeploymentPostprocessing = 0;
		};
/* End PBXResourcesBuildPhase section */

/* Begin PBXSourcesBuildPhase section */
		462B4F831A2E992100B11601 /* Sources */ = {
			isa = PBXSourcesBuildPhase;
			buildActionMask = 2147483647;
			files = (
				46CA5F0B1A3AC5390003525B /* FacebookManager.swift in Sources */,
				46F870331A3028BA0090AE14 /* YumLoginPanelViewController.swift in Sources */,
				462B4F8D1A2E992100B11601 /* AppDelegate.swift in Sources */,
				46726FCA1A2ECD1500AAA3AD /* YumToolbar.swift in Sources */,
				462B4F921A2E992100B11601 /* Yum.xcdatamodeld in Sources */,
				46F870311A3026970090AE14 /* YumLoginSplitController.swift in Sources */,
				46726FC81A2ECB6000AAA3AD /* YumWindowController.swift in Sources */,
			);
			runOnlyForDeploymentPostprocessing = 0;
		};
		462B4F981A2E992100B11601 /* Sources */ = {
			isa = PBXSourcesBuildPhase;
			buildActionMask = 2147483647;
			files = (
				46CA5F0C1A3AC9250003525B /* FacebookManager.swift in Sources */,
				462B4FA31A2E992100B11601 /* YumTests.swift in Sources */,
				46726FCB1A2ECE7E00AAA3AD /* YumWindowController.swift in Sources */,
			);
			runOnlyForDeploymentPostprocessing = 0;
		};
/* End PBXSourcesBuildPhase section */

/* Begin PBXTargetDependency section */
		462B4F9E1A2E992100B11601 /* PBXTargetDependency */ = {
			isa = PBXTargetDependency;
			target = 462B4F861A2E992100B11601 /* Yum */;
			targetProxy = 462B4F9D1A2E992100B11601 /* PBXContainerItemProxy */;
		};
/* End PBXTargetDependency section */

/* Begin PBXVariantGroup section */
		462B4F951A2E992100B11601 /* Main.storyboard */ = {
			isa = PBXVariantGroup;
			children = (
				462B4F961A2E992100B11601 /* Base */,
			);
			name = Main.storyboard;
			sourceTree = "<group>";
		};
/* End PBXVariantGroup section */

/* Begin XCBuildConfiguration section */
		462B4FA41A2E992100B11601 /* Debug */ = {
			isa = XCBuildConfiguration;
			buildSettings = {
				ALWAYS_SEARCH_USER_PATHS = NO;
				CLANG_CXX_LANGUAGE_STANDARD = "gnu++0x";
				CLANG_CXX_LIBRARY = "libc++";
				CLANG_ENABLE_MODULES = YES;
				CLANG_ENABLE_OBJC_ARC = YES;
				CLANG_WARN_BOOL_CONVERSION = YES;
				CLANG_WARN_CONSTANT_CONVERSION = YES;
				CLANG_WARN_DIRECT_OBJC_ISA_USAGE = YES_ERROR;
				CLANG_WARN_EMPTY_BODY = YES;
				CLANG_WARN_ENUM_CONVERSION = YES;
				CLANG_WARN_INT_CONVERSION = YES;
				CLANG_WARN_OBJC_ROOT_CLASS = YES_ERROR;
				CLANG_WARN_UNREACHABLE_CODE = YES;
				CLANG_WARN__DUPLICATE_METHOD_MATCH = YES;
				CODE_SIGN_IDENTITY = "-";
				COPY_PHASE_STRIP = NO;
				ENABLE_STRICT_OBJC_MSGSEND = YES;
				GCC_C_LANGUAGE_STANDARD = gnu99;
				GCC_DYNAMIC_NO_PIC = NO;
				GCC_OPTIMIZATION_LEVEL = 0;
				GCC_PREPROCESSOR_DEFINITIONS = (
					"DEBUG=1",
					"$(inherited)",
				);
				GCC_SYMBOLS_PRIVATE_EXTERN = NO;
				GCC_WARN_64_TO_32_BIT_CONVERSION = YES;
				GCC_WARN_ABOUT_RETURN_TYPE = YES_ERROR;
				GCC_WARN_UNDECLARED_SELECTOR = YES;
				GCC_WARN_UNINITIALIZED_AUTOS = YES_AGGRESSIVE;
				GCC_WARN_UNUSED_FUNCTION = YES;
				GCC_WARN_UNUSED_VARIABLE = YES;
				MACOSX_DEPLOYMENT_TARGET = 10.10;
				MTL_ENABLE_DEBUG_INFO = YES;
				ONLY_ACTIVE_ARCH = YES;
				SDKROOT = macosx;
				SWIFT_OPTIMIZATION_LEVEL = "-Onone";
			};
			name = Debug;
		};
		462B4FA51A2E992100B11601 /* Release */ = {
			isa = XCBuildConfiguration;
			buildSettings = {
				ALWAYS_SEARCH_USER_PATHS = NO;
				CLANG_CXX_LANGUAGE_STANDARD = "gnu++0x";
				CLANG_CXX_LIBRARY = "libc++";
				CLANG_ENABLE_MODULES = YES;
				CLANG_ENABLE_OBJC_ARC = YES;
				CLANG_WARN_BOOL_CONVERSION = YES;
				CLANG_WARN_CONSTANT_CONVERSION = YES;
				CLANG_WARN_DIRECT_OBJC_ISA_USAGE = YES_ERROR;
				CLANG_WARN_EMPTY_BODY = YES;
				CLANG_WARN_ENUM_CONVERSION = YES;
				CLANG_WARN_INT_CONVERSION = YES;
				CLANG_WARN_OBJC_ROOT_CLASS = YES_ERROR;
				CLANG_WARN_UNREACHABLE_CODE = YES;
				CLANG_WARN__DUPLICATE_METHOD_MATCH = YES;
				CODE_SIGN_IDENTITY = "-";
				COPY_PHASE_STRIP = YES;
				DEBUG_INFORMATION_FORMAT = "dwarf-with-dsym";
				ENABLE_NS_ASSERTIONS = NO;
				ENABLE_STRICT_OBJC_MSGSEND = YES;
				GCC_C_LANGUAGE_STANDARD = gnu99;
				GCC_WARN_64_TO_32_BIT_CONVERSION = YES;
				GCC_WARN_ABOUT_RETURN_TYPE = YES_ERROR;
				GCC_WARN_UNDECLARED_SELECTOR = YES;
				GCC_WARN_UNINITIALIZED_AUTOS = YES_AGGRESSIVE;
				GCC_WARN_UNUSED_FUNCTION = YES;
				GCC_WARN_UNUSED_VARIABLE = YES;
				MACOSX_DEPLOYMENT_TARGET = 10.10;
				MTL_ENABLE_DEBUG_INFO = NO;
				SDKROOT = macosx;
			};
			name = Release;
		};
		462B4FA71A2E992100B11601 /* Debug */ = {
			isa = XCBuildConfiguration;
			buildSettings = {
				ASSETCATALOG_COMPILER_APPICON_NAME = AppIcon;
				CODE_SIGN_IDENTITY = "Mac Developer";
				COMBINE_HIDPI_IMAGES = YES;
				INFOPLIST_FILE = Yum/Info.plist;
				LD_RUNPATH_SEARCH_PATHS = "$(inherited) @executable_path/../Frameworks";
				LIBRARY_SEARCH_PATHS = (
					"$(inherited)",
					"$(USER_LIBRARY_DIR)/Developer/Xcode/DerivedData/Stolz-aqupvtgymklkfkbtkxubjtszxnfe/Build/Products/Debug",
				);
				MACOSX_DEPLOYMENT_TARGET = 10.10;
				PRODUCT_NAME = "$(TARGET_NAME)";
			};
			name = Debug;
		};
		462B4FA81A2E992100B11601 /* Release */ = {
			isa = XCBuildConfiguration;
			buildSettings = {
				ASSETCATALOG_COMPILER_APPICON_NAME = AppIcon;
				CODE_SIGN_IDENTITY = "Mac Developer";
				COMBINE_HIDPI_IMAGES = YES;
				INFOPLIST_FILE = Yum/Info.plist;
				LD_RUNPATH_SEARCH_PATHS = "$(inherited) @executable_path/../Frameworks";
				LIBRARY_SEARCH_PATHS = (
					"$(inherited)",
					"$(USER_LIBRARY_DIR)/Developer/Xcode/DerivedData/Stolz-aqupvtgymklkfkbtkxubjtszxnfe/Build/Products/Debug",
				);
				MACOSX_DEPLOYMENT_TARGET = 10.10;
				PRODUCT_NAME = "$(TARGET_NAME)";
			};
			name = Release;
		};
		462B4FAA1A2E992100B11601 /* Debug */ = {
			isa = XCBuildConfiguration;
			buildSettings = {
				BUNDLE_LOADER = "$(TEST_HOST)";
				COMBINE_HIDPI_IMAGES = YES;
				FRAMEWORK_SEARCH_PATHS = (
					"$(DEVELOPER_FRAMEWORKS_DIR)",
					"$(inherited)",
				);
				GCC_PREPROCESSOR_DEFINITIONS = (
					"DEBUG=1",
					"$(inherited)",
				);
				INFOPLIST_FILE = YumTests/Info.plist;
				LD_RUNPATH_SEARCH_PATHS = "$(inherited) @executable_path/../Frameworks @loader_path/../Frameworks";
				PRODUCT_NAME = "$(TARGET_NAME)";
				TEST_HOST = "$(BUILT_PRODUCTS_DIR)/Yum.app/Contents/MacOS/Yum";
			};
			name = Debug;
		};
		462B4FAB1A2E992100B11601 /* Release */ = {
			isa = XCBuildConfiguration;
			buildSettings = {
				BUNDLE_LOADER = "$(TEST_HOST)";
				COMBINE_HIDPI_IMAGES = YES;
				FRAMEWORK_SEARCH_PATHS = (
					"$(DEVELOPER_FRAMEWORKS_DIR)",
					"$(inherited)",
				);
				INFOPLIST_FILE = YumTests/Info.plist;
				LD_RUNPATH_SEARCH_PATHS = "$(inherited) @executable_path/../Frameworks @loader_path/../Frameworks";
				PRODUCT_NAME = "$(TARGET_NAME)";
				TEST_HOST = "$(BUILT_PRODUCTS_DIR)/Yum.app/Contents/MacOS/Yum";
			};
			name = Release;
		};
/* End XCBuildConfiguration section */

/* Begin XCConfigurationList section */
		462B4F821A2E992100B11601 /* Build configuration list for PBXProject "Yum" */ = {
			isa = XCConfigurationList;
			buildConfigurations = (
				462B4FA41A2E992100B11601 /* Debug */,
				462B4FA51A2E992100B11601 /* Release */,
			);
			defaultConfigurationIsVisible = 0;
			defaultConfigurationName = Release;
		};
		462B4FA61A2E992100B11601 /* Build configuration list for PBXNativeTarget "Yum" */ = {
			isa = XCConfigurationList;
			buildConfigurations = (
				462B4FA71A2E992100B11601 /* Debug */,
				462B4FA81A2E992100B11601 /* Release */,
			);
			defaultConfigurationIsVisible = 0;
			defaultConfigurationName = Release;
		};
		462B4FA91A2E992100B11601 /* Build configuration list for PBXNativeTarget "YumTests" */ = {
			isa = XCConfigurationList;
			buildConfigurations = (
				462B4FAA1A2E992100B11601 /* Debug */,
				462B4FAB1A2E992100B11601 /* Release */,
			);
			defaultConfigurationIsVisible = 0;
			defaultConfigurationName = Release;
		};
/* End XCConfigurationList section */

/* Begin XCVersionGroup section */
		462B4F901A2E992100B11601 /* Yum.xcdatamodeld */ = {
			isa = XCVersionGroup;
			children = (
				462B4F911A2E992100B11601 /* Yum.xcdatamodel */,
			);
			currentVersion = 462B4F911A2E992100B11601 /* Yum.xcdatamodel */;
			path = Yum.xcdatamodeld;
			sourceTree = "<group>";
			versionGroupType = wrapper.xcdatamodel;
		};
/* End XCVersionGroup section */
	};
	rootObject = 462B4F7F1A2E992100B11601 /* Project object */;
}
